Microsoft Visual Studio Solution File, Format Version 12.00
# Visual Studio Version 17
VisualStudioVersion = 17.5.2.0
MinimumVisualStudioVersion = 10.0.40219.1
Project("{FAE04EC0-301F-11D3-BF4B-00C04F79EFBC}") = "MultiStratManager", "MultiStratManager_Source_Code\MultiStratManager.csproj", "{42989F73-10D3-6861-949A-29C7C46626D8}"
EndProject
Global
	GlobalSection(SolutionConfigurationPlatforms) = preSolution
		Debug|Any CPU = Debug|Any CPU
		Release|Any CPU = Release|Any CPU
	EndGlobalSection
	GlobalSection(ProjectConfigurationPlatforms) = postSolution
		{42989F73-10D3-6861-949A-29C7C46626D8}.Debug|Any CPU.ActiveCfg = Debug|Any CPU
		{42989F73-10D3-6861-949A-29C7C46626D8}.Debug|Any CPU.Build.0 = Debug|Any CPU
		{42989F73-10D3-6861-949A-29C7C46626D8}.Release|Any CPU.ActiveCfg = Release|Any CPU
		{42989F73-10D3-6861-949A-29C7C46626D8}.Release|Any CPU.Build.0 = Release|Any CPU
	EndGlobalSection
	GlobalSection(SolutionProperties) = preSolution
		HideSolutionNode = FALSE
	EndGlobalSection
	GlobalSection(ExtensibilityGlobals) = postSolution
		SolutionGuid = {F575C937-0C79-4FF2-A5F6-125076E05EEE}
	EndGlobalSection
EndGlobal
